
Microsoft Visual Studio Solution File, Format Version 12.00
# Visual Studio Version 17
VisualStudioVersion = 17.0.31903.59
MinimumVisualStudioVersion = 10.0.40219.1
Project("{FAE04EC0-301F-11D3-BF4B-00C04F79EFBC}") = "ChatApp.GrainInterfaces", "ChatApp.GrainInterfaces\ChatApp.GrainInterfaces.csproj", "{268CA759-5797-4C9D-9E67-19F6FE035601}"
EndProject
Project("{FAE04EC0-301F-11D3-BF4B-00C04F79EFBC}") = "ChatApp.Server", "ChatApp.Server\ChatApp.Server.csproj", "{AFF60D88-2006-4897-A150-7BC34ACC1C0C}"
EndProject
Project("{FAE04EC0-301F-11D3-BF4B-00C04F79EFBC}") = "ChatApp.Silo", "ChatApp.Silo\ChatApp.Silo.csproj", "{1A6063A7-CA41-4F33-BF18-DF410F699AC0}"
EndProject
Global
	GlobalSection(SolutionConfigurationPlatforms) = preSolution
		Debug|Any CPU = Debug|Any CPU
		Release|Any CPU = Release|Any CPU
	EndGlobalSection
	GlobalSection(SolutionProperties) = preSolution
		HideSolutionNode = FALSE
	EndGlobalSection
	GlobalSection(ProjectConfigurationPlatforms) = postSolution
		{268CA759-5797-4C9D-9E67-19F6FE035601}.Debug|Any CPU.ActiveCfg = Debug|Any CPU
		{268CA759-5797-4C9D-9E67-19F6FE035601}.Debug|Any CPU.Build.0 = Debug|Any CPU
		{268CA759-5797-4C9D-9E67-19F6FE035601}.Release|Any CPU.ActiveCfg = Release|Any CPU
		{268CA759-5797-4C9D-9E67-19F6FE035601}.Release|Any CPU.Build.0 = Release|Any CPU
		{AFF60D88-2006-4897-A150-7BC34ACC1C0C}.Debug|Any CPU.ActiveCfg = Debug|Any CPU
		{AFF60D88-2006-4897-A150-7BC34ACC1C0C}.Debug|Any CPU.Build.0 = Debug|Any CPU
		{AFF60D88-2006-4897-A150-7BC34ACC1C0C}.Release|Any CPU.ActiveCfg = Release|Any CPU
		{AFF60D88-2006-4897-A150-7BC34ACC1C0C}.Release|Any CPU.Build.0 = Release|Any CPU
		{1A6063A7-CA41-4F33-BF18-DF410F699AC0}.Debug|Any CPU.ActiveCfg = Debug|Any CPU
		{1A6063A7-CA41-4F33-BF18-DF410F699AC0}.Debug|Any CPU.Build.0 = Debug|Any CPU
		{1A6063A7-CA41-4F33-BF18-DF410F699AC0}.Release|Any CPU.ActiveCfg = Release|Any CPU
		{1A6063A7-CA41-4F33-BF18-DF410F699AC0}.Release|Any CPU.Build.0 = Release|Any CPU
	EndGlobalSection
EndGlobal
